// !$*UTF8*$!
{
	archiveVersion = 1;
	classes = {
	};
	objectVersion = 55;
	objects = {

/* Begin PBXBuildFile section */
		DB85742C282991B900842B2E /* AcademyConnectApp.swift in Sources */ = {isa = PBXBuildFile; fileRef = DB85742B282991B900842B2E /* AcademyConnectApp.swift */; };
		DB85742E282991B900842B2E /* ContentView.swift in Sources */ = {isa = PBXBuildFile; fileRef = DB85742D282991B900842B2E /* ContentView.swift */; };
		DB857430282991BC00842B2E /* Assets.xcassets in Resources */ = {isa = PBXBuildFile; fileRef = DB85742F282991BC00842B2E /* Assets.xcassets */; };
		DB857433282991BC00842B2E /* Preview Assets.xcassets in Resources */ = {isa = PBXBuildFile; fileRef = DB857432282991BC00842B2E /* Preview Assets.xcassets */; };
		F83E784B286B7C3600FDD7C6 /* View1.swift in Sources */ = {isa = PBXBuildFile; fileRef = F83E784A286B7C3600FDD7C6 /* View1.swift */; };
		F83E784D286B7C4100FDD7C6 /* View2.swift in Sources */ = {isa = PBXBuildFile; fileRef = F83E784C286B7C4100FDD7C6 /* View2.swift */; };
		F83E784F286B7C4B00FDD7C6 /* View3.swift in Sources */ = {isa = PBXBuildFile; fileRef = F83E784E286B7C4B00FDD7C6 /* View3.swift */; };
		F83E7851286B7C5500FDD7C6 /* View4.swift in Sources */ = {isa = PBXBuildFile; fileRef = F83E7850286B7C5500FDD7C6 /* View4.swift */; };
		F83E7857286B7CC800FDD7C6 /* View5.swift in Sources */ = {isa = PBXBuildFile; fileRef = F83E7856286B7CC800FDD7C6 /* View5.swift */; };
		F83E7859286B7CD800FDD7C6 /* View6.swift in Sources */ = {isa = PBXBuildFile; fileRef = F83E7858286B7CD800FDD7C6 /* View6.swift */; };
/* End PBXBuildFile section */

/* Begin PBXFileReference section */
		DB857428282991B900842B2E /* AcademyConnect.app */ = {isa = PBXFileReference; explicitFileType = wrapper.application; includeInIndex = 0; path = AcademyConnect.app; sourceTree = BUILT_PRODUCTS_DIR; };
		DB85742B282991B900842B2E /* AcademyConnectApp.swift */ = {isa = PBXFileReference; lastKnownFileType = sourcecode.swift; path = AcademyConnectApp.swift; sourceTree = "<group>"; };
		DB85742D282991B900842B2E /* ContentView.swift */ = {isa = PBXFileReference; lastKnownFileType = sourcecode.swift; path = ContentView.swift; sourceTree = "<group>"; };
		DB85742F282991BC00842B2E /* Assets.xcassets */ = {isa = PBXFileReference; lastKnownFileType = folder.assetcatalog; path = Assets.xcassets; sourceTree = "<group>"; };
		DB857432282991BC00842B2E /* Preview Assets.xcassets */ = {isa = PBXFileReference; lastKnownFileType = folder.assetcatalog; path = "Preview Assets.xcassets"; sourceTree = "<group>"; };
		F83E784A286B7C3600FDD7C6 /* View1.swift */ = {isa = PBXFileReference; lastKnownFileType = sourcecode.swift; path = View1.swift; sourceTree = "<group>"; };
		F83E784C286B7C4100FDD7C6 /* View2.swift */ = {isa = PBXFileReference; lastKnownFileType = sourcecode.swift; path = View2.swift; sourceTree = "<group>"; };
		F83E784E286B7C4B00FDD7C6 /* View3.swift */ = {isa = PBXFileReference; lastKnownFileType = sourcecode.swift; path = View3.swift; sourceTree = "<group>"; };
		F83E7850286B7C5500FDD7C6 /* View4.swift */ = {isa = PBXFileReference; lastKnownFileType = sourcecode.swift; path = View4.swift; sourceTree = "<group>"; };
		F83E7856286B7CC800FDD7C6 /* View5.swift */ = {isa = PBXFileReference; fileEncoding = 4; lastKnownFileType = sourcecode.swift; name = View5.swift; path = "../../../../../../Desktop/Xcode Projects/Academy_Connect/Academy_Connect/Views/View5.swift"; sourceTree = "<group>"; };
		F83E7858286B7CD800FDD7C6 /* View6.swift */ = {isa = PBXFileReference; fileEncoding = 4; lastKnownFileType = sourcecode.swift; path = View6.swift; sourceTree = "<group>"; };
/* End PBXFileReference section */

/* Begin PBXFrameworksBuildPhase section */
		DB857425282991B900842B2E /* Frameworks */ = {
			isa = PBXFrameworksBuildPhase;
			buildActionMask = 2147483647;
			files = (
			);
			runOnlyForDeploymentPostprocessing = 0;
		};
/* End PBXFrameworksBuildPhase section */

/* Begin PBXGroup section */
		DB85741F282991B900842B2E = {
			isa = PBXGroup;
			children = (
				DB85742A282991B900842B2E /* AcademyConnect */,
				DB857429282991B900842B2E /* Products */,
			);
			sourceTree = "<group>";
		};
		DB857429282991B900842B2E /* Products */ = {
			isa = PBXGroup;
			children = (
				DB857428282991B900842B2E /* AcademyConnect.app */,
			);
			name = Products;
			sourceTree = "<group>";
		};
		DB85742A282991B900842B2E /* AcademyConnect */ = {
			isa = PBXGroup;
			children = (
				DB85742B282991B900842B2E /* AcademyConnectApp.swift */,
				DB85742D282991B900842B2E /* ContentView.swift */,
				F83E7849286B7C2200FDD7C6 /* Views */,
				DB85742F282991BC00842B2E /* Assets.xcassets */,
				DB857431282991BC00842B2E /* Preview Content */,
			);
			path = AcademyConnect;
			sourceTree = "<group>";
		};
		DB857431282991BC00842B2E /* Preview Content */ = {
			isa = PBXGroup;
			children = (
				DB857432282991BC00842B2E /* Preview Assets.xcassets */,
			);
			path = "Preview Content";
			sourceTree = "<group>";
		};
		F83E7849286B7C2200FDD7C6 /* Views */ = {
			isa = PBXGroup;
			children = (
				F83E784A286B7C3600FDD7C6 /* View1.swift */,
				F83E784C286B7C4100FDD7C6 /* View2.swift */,
				F83E784E286B7C4B00FDD7C6 /* View3.swift */,
				F83E7850286B7C5500FDD7C6 /* View4.swift */,
				F83E7856286B7CC800FDD7C6 /* View5.swift */,
				F83E7858286B7CD800FDD7C6 /* View6.swift */,
			);
			path = Views;
			sourceTree = "<group>";
		};
/* End PBXGroup section */

/* Begin PBXNativeTarget section */
		DB857427282991B900842B2E /* AcademyConnect */ = {
			isa = PBXNativeTarget;
			buildConfigurationList = DB857436282991BC00842B2E /* Build configuration list for PBXNativeTarget "AcademyConnect" */;
			buildPhases = (
				DB857424282991B900842B2E /* Sources */,
				DB857425282991B900842B2E /* Frameworks */,
				DB857426282991B900842B2E /* Resources */,
			);
			buildRules = (
			);
			dependencies = (
			);
			name = AcademyConnect;
			productName = AcademyConnect;
			productReference = DB857428282991B900842B2E /* AcademyConnect.app */;
			productType = "com.apple.product-type.application";
		};
/* End PBXNativeTarget section */

/* Begin PBXProject section */
		DB857420282991B900842B2E /* Project object */ = {
			isa = PBXProject;
			attributes = {
				BuildIndependentTargetsInParallel = 1;
				LastSwiftUpdateCheck = 1330;
				LastUpgradeCheck = 1330;
				TargetAttributes = {
					DB857427282991B900842B2E = {
						CreatedOnToolsVersion = 13.3.1;
					};
				};
			};
			buildConfigurationList = DB857423282991B900842B2E /* Build configuration list for PBXProject "AcademyConnect" */;
			compatibilityVersion = "Xcode 13.0";
			developmentRegion = en;
			hasScannedForEncodings = 0;
			knownRegions = (
				en,
				Base,
			);
			mainGroup = DB85741F282991B900842B2E;
			productRefGroup = DB857429282991B900842B2E /* Products */;
			projectDirPath = "";
			projectRoot = "";
			targets = (
				DB857427282991B900842B2E /* AcademyConnect */,
			);
		};
/* End PBXProject section */

/* Begin PBXResourcesBuildPhase section */
		DB857426282991B900842B2E /* Resources */ = {
			isa = PBXResourcesBuildPhase;
			buildActionMask = 2147483647;
			files = (
				DB857433282991BC00842B2E /* Preview Assets.xcassets in Resources */,
				DB857430282991BC00842B2E /* Assets.xcassets in Resources */,
			);
			runOnlyForDeploymentPostprocessing = 0;
		};
/* End PBXResourcesBuildPhase section */

/* Begin PBXSourcesBuildPhase section */
		DB857424282991B900842B2E /* Sources */ = {
			isa = PBXSourcesBuildPhase;
			buildActionMask = 2147483647;
			files = (
				DB85742E282991B900842B2E /* ContentView.swift in Sources */,
				F83E7857286B7CC800FDD7C6 /* View5.swift in Sources */,
				F83E7851286B7C5500FDD7C6 /* View4.swift in Sources */,
				F83E784F286B7C4B00FDD7C6 /* View3.swift in Sources */,
				F83E784B286B7C3600FDD7C6 /* View1.swift in Sources */,
				DB85742C282991B900842B2E /* AcademyConnectApp.swift in Sources */,
				F83E784D286B7C4100FDD7C6 /* View2.swift in Sources */,
				F83E7859286B7CD800FDD7C6 /* View6.swift in Sources */,
			);
			runOnlyForDeploymentPostprocessing = 0;
		};
/* End PBXSourcesBuildPhase section */

/* Begin XCBuildConfiguration section */
		DB857434282991BC00842B2E /* Debug */ = {
			isa = XCBuildConfiguration;
			buildSettings = {
				ALWAYS_SEARCH_USER_PATHS = NO;
				CLANG_ANALYZER_NONNULL = YES;
				CLANG_ANALYZER_NUMBER_OBJECT_CONVERSION = YES_AGGRESSIVE;
				CLANG_CXX_LANGUAGE_STANDARD = "gnu++17";
				CLANG_ENABLE_MODULES = YES;
				CLANG_ENABLE_OBJC_ARC = YES;
				CLANG_ENABLE_OBJC_WEAK = YES;
				CLANG_WARN_BLOCK_CAPTURE_AUTORELEASING = YES;
				CLANG_WARN_BOOL_CONVERSION = YES;
				CLANG_WARN_COMMA = YES;
				CLANG_WARN_CONSTANT_CONVERSION = YES;
				CLANG_WARN_DEPRECATED_OBJC_IMPLEMENTATIONS = YES;
				CLANG_WARN_DIRECT_OBJC_ISA_USAGE = YES_ERROR;
				CLANG_WARN_DOCUMENTATION_COMMENTS = YES;
				CLANG_WARN_EMPTY_BODY = YES;
				CLANG_WARN_ENUM_CONVERSION = YES;
				CLANG_WARN_INFINITE_RECURSION = YES;
				CLANG_WARN_INT_CONVERSION = YES;
				CLANG_WARN_NON_LITERAL_NULL_CONVERSION = YES;
				CLANG_WARN_OBJC_IMPLICIT_RETAIN_SELF = YES;
				CLANG_WARN_OBJC_LITERAL_CONVERSION = YES;
				CLANG_WARN_OBJC_ROOT_CLASS = YES_ERROR;
				CLANG_WARN_QUOTED_INCLUDE_IN_FRAMEWORK_HEADER = YES;
				CLANG_WARN_RANGE_LOOP_ANALYSIS = YES;
				CLANG_WARN_STRICT_PROTOTYPES = YES;
				CLANG_WARN_SUSPICIOUS_MOVE = YES;
				CLANG_WARN_UNGUARDED_AVAILABILITY = YES_AGGRESSIVE;
				CLANG_WARN_UNREACHABLE_CODE = YES;
				CLANG_WARN__DUPLICATE_METHOD_MATCH = YES;
				COPY_PHASE_STRIP = NO;
				DEBUG_INFORMATION_FORMAT = dwarf;
				ENABLE_STRICT_OBJC_MSGSEND = YES;
				ENABLE_TESTABILITY = YES;
				GCC_C_LANGUAGE_STANDARD = gnu11;
				GCC_DYNAMIC_NO_PIC = NO;
				GCC_NO_COMMON_BLOCKS = YES;
				GCC_OPTIMIZATION_LEVEL = 0;
				GCC_PREPROCESSOR_DEFINITIONS = (
					"DEBUG=1",
					"$(inherited)",
				);
				GCC_WARN_64_TO_32_BIT_CONVERSION = YES;
				GCC_WARN_ABOUT_RETURN_TYPE = YES_ERROR;
				GCC_WARN_UNDECLARED_SELECTOR = YES;
				GCC_WARN_UNINITIALIZED_AUTOS = YES_AGGRESSIVE;
				GCC_WARN_UNUSED_FUNCTION = YES;
				GCC_WARN_UNUSED_VARIABLE = YES;
				IPHONEOS_DEPLOYMENT_TARGET = 15.4;
				MTL_ENABLE_DEBUG_INFO = INCLUDE_SOURCE;
				MTL_FAST_MATH = YES;
				ONLY_ACTIVE_ARCH = YES;
				SDKROOT = iphoneos;
				SWIFT_ACTIVE_COMPILATION_CONDITIONS = DEBUG;
				SWIFT_OPTIMIZATION_LEVEL = "-Onone";
			};
			name = Debug;
		};
		DB857435282991BC00842B2E /* Release */ = {
			isa = XCBuildConfiguration;
			buildSettings = {
				ALWAYS_SEARCH_USER_PATHS = NO;
				CLANG_ANALYZER_NONNULL = YES;
				CLANG_ANALYZER_NUMBER_OBJECT_CONVERSION = YES_AGGRESSIVE;
				CLANG_CXX_LANGUAGE_STANDARD = "gnu++17";
				CLANG_ENABLE_MODULES = YES;
				CLANG_ENABLE_OBJC_ARC = YES;
				CLANG_ENABLE_OBJC_WEAK = YES;
				CLANG_WARN_BLOCK_CAPTURE_AUTORELEASING = YES;
				CLANG_WARN_BOOL_CONVERSION = YES;
				CLANG_WARN_COMMA = YES;
				CLANG_WARN_CONSTANT_CONVERSION = YES;
				CLANG_WARN_DEPRECATED_OBJC_IMPLEMENTATIONS = YES;
				CLANG_WARN_DIRECT_OBJC_ISA_USAGE = YES_ERROR;
				CLANG_WARN_DOCUMENTATION_COMMENTS = YES;
				CLANG_WARN_EMPTY_BODY = YES;
				CLANG_WARN_ENUM_CONVERSION = YES;
				CLANG_WARN_INFINITE_RECURSION = YES;
				CLANG_WARN_INT_CONVERSION = YES;
				CLANG_WARN_NON_LITERAL_NULL_CONVERSION = YES;
				CLANG_WARN_OBJC_IMPLICIT_RETAIN_SELF = YES;
				CLANG_WARN_OBJC_LITERAL_CONVERSION = YES;
				CLANG_WARN_OBJC_ROOT_CLASS = YES_ERROR;
				CLANG_WARN_QUOTED_INCLUDE_IN_FRAMEWORK_HEADER = YES;
				CLANG_WARN_RANGE_LOOP_ANALYSIS = YES;
				CLANG_WARN_STRICT_PROTOTYPES = YES;
				CLANG_WARN_SUSPICIOUS_MOVE = YES;
				CLANG_WARN_UNGUARDED_AVAILABILITY = YES_AGGRESSIVE;
				CLANG_WARN_UNREACHABLE_CODE = YES;
				CLANG_WARN__DUPLICATE_METHOD_MATCH = YES;
				COPY_PHASE_STRIP = NO;
				DEBUG_INFORMATION_FORMAT = "dwarf-with-dsym";
				ENABLE_NS_ASSERTIONS = NO;
				ENABLE_STRICT_OBJC_MSGSEND = YES;
				GCC_C_LANGUAGE_STANDARD = gnu11;
				GCC_NO_COMMON_BLOCKS = YES;
				GCC_WARN_64_TO_32_BIT_CONVERSION = YES;
				GCC_WARN_ABOUT_RETURN_TYPE = YES_ERROR;
				GCC_WARN_UNDECLARED_SELECTOR = YES;
				GCC_WARN_UNINITIALIZED_AUTOS = YES_AGGRESSIVE;
				GCC_WARN_UNUSED_FUNCTION = YES;
				GCC_WARN_UNUSED_VARIABLE = YES;
				IPHONEOS_DEPLOYMENT_TARGET = 15.4;
				MTL_ENABLE_DEBUG_INFO = NO;
				MTL_FAST_MATH = YES;
				SDKROOT = iphoneos;
				SWIFT_COMPILATION_MODE = wholemodule;
				SWIFT_OPTIMIZATION_LEVEL = "-O";
				VALIDATE_PRODUCT = YES;
			};
			name = Release;
		};
		DB857437282991BC00842B2E /* Debug */ = {
			isa = XCBuildConfiguration;
			buildSettings = {
				ASSETCATALOG_COMPILER_APPICON_NAME = AppIcon;
				ASSETCATALOG_COMPILER_GLOBAL_ACCENT_COLOR_NAME = AccentColor;
				CODE_SIGN_STYLE = Automatic;
				CURRENT_PROJECT_VERSION = 1;
				DEVELOPMENT_ASSET_PATHS = "\"AcademyConnect/Preview Content\"";
				ENABLE_PREVIEWS = YES;
				GENERATE_INFOPLIST_FILE = YES;
				INFOPLIST_KEY_UIApplicationSceneManifest_Generation = YES;
				INFOPLIST_KEY_UIApplicationSupportsIndirectInputEvents = YES;
				INFOPLIST_KEY_UILaunchScreen_Generation = YES;
				INFOPLIST_KEY_UISupportedInterfaceOrientations_iPad = "UIInterfaceOrientationPortrait UIInterfaceOrientationPortraitUpsideDown UIInterfaceOrientationLandscapeLeft UIInterfaceOrientationLandscapeRight";
				INFOPLIST_KEY_UISupportedInterfaceOrientations_iPhone = "UIInterfaceOrientationPortrait UIInterfaceOrientationLandscapeLeft UIInterfaceOrientationLandscapeRight";
				LD_RUNPATH_SEARCH_PATHS = (
					"$(inherited)",
					"@executable_path/Frameworks",
				);
				MARKETING_VERSION = 1.0;
				PRODUCT_BUNDLE_IDENTIFIER = com.academy.AcademyConnect;
				PRODUCT_NAME = "$(TARGET_NAME)";
				SWIFT_EMIT_LOC_STRINGS = YES;
				SWIFT_VERSION = 5.0;
				TARGETED_DEVICE_FAMILY = "1,2";
			};
			name = Debug;
		};
		DB857438282991BC00842B2E /* Release */ = {
			isa = XCBuildConfiguration;
			buildSettings = {
				ASSETCATALOG_COMPILER_APPICON_NAME = AppIcon;
				ASSETCATALOG_COMPILER_GLOBAL_ACCENT_COLOR_NAME = AccentColor;
				CODE_SIGN_STYLE = Automatic;
				CURRENT_PROJECT_VERSION = 1;
				DEVELOPMENT_ASSET_PATHS = "\"AcademyConnect/Preview Content\"";
				ENABLE_PREVIEWS = YES;
				GENERATE_INFOPLIST_FILE = YES;
				INFOPLIST_KEY_UIApplicationSceneManifest_Generation = YES;
				INFOPLIST_KEY_UIApplicationSupportsIndirectInputEvents = YES;
				INFOPLIST_KEY_UILaunchScreen_Generation = YES;
				INFOPLIST_KEY_UISupportedInterfaceOrientations_iPad = "UIInterfaceOrientationPortrait UIInterfaceOrientationPortraitUpsideDown UIInterfaceOrientationLandscapeLeft UIInterfaceOrientationLandscapeRight";
				INFOPLIST_KEY_UISupportedInterfaceOrientations_iPhone = "UIInterfaceOrientationPortrait UIInterfaceOrientationLandscapeLeft UIInterfaceOrientationLandscapeRight";
				LD_RUNPATH_SEARCH_PATHS = (
					"$(inherited)",
					"@executable_path/Frameworks",
				);
				MARKETING_VERSION = 1.0;
				PRODUCT_BUNDLE_IDENTIFIER = com.academy.AcademyConnect;
				PRODUCT_NAME = "$(TARGET_NAME)";
				SWIFT_EMIT_LOC_STRINGS = YES;
				SWIFT_VERSION = 5.0;
				TARGETED_DEVICE_FAMILY = "1,2";
			};
			name = Release;
		};
/* End XCBuildConfiguration section */

/* Begin XCConfigurationList section */
		DB857423282991B900842B2E /* Build configuration list for PBXProject "AcademyConnect" */ = {
			isa = XCConfigurationList;
			buildConfigurations = (
				DB857434282991BC00842B2E /* Debug */,
				DB857435282991BC00842B2E /* Release */,
			);
			defaultConfigurationIsVisible = 0;
			defaultConfigurationName = Release;
		};
		DB857436282991BC00842B2E /* Build configuration list for PBXNativeTarget "AcademyConnect" */ = {
			isa = XCConfigurationList;
			buildConfigurations = (
				DB857437282991BC00842B2E /* Debug */,
				DB857438282991BC00842B2E /* Release */,
			);
			defaultConfigurationIsVisible = 0;
			defaultConfigurationName = Release;
		};
/* End XCConfigurationList section */
	};
	rootObject = DB857420282991B900842B2E /* Project object */;
}
